
Microsoft Visual Studio Solution File, Format Version 12.00
# Visual Studio Version 17
VisualStudioVersion = 17.13.35806.99 d17.13
MinimumVisualStudioVersion = 10.0.40219.1
Project("{888888A0-9F3D-457C-B088-3A5042F75D52}") = "LR_1", "LR_1.pyproj", "{D076F5B8-B5DA-4435-829A-0AC2F41C7527}"
EndProject
Global
	GlobalSection(SolutionConfigurationPlatforms) = preSolution
		Debug|Any CPU = Debug|Any CPU
		Release|Any CPU = Release|Any CPU
	EndGlobalSection
	GlobalSection(ProjectConfigurationPlatforms) = postSolution
		{D076F5B8-B5DA-4435-829A-0AC2F41C7527}.Debug|Any CPU.ActiveCfg = Debug|Any CPU
		{D076F5B8-B5DA-4435-829A-0AC2F41C7527}.Release|Any CPU.ActiveCfg = Release|Any CPU
	EndGlobalSection
	GlobalSection(SolutionProperties) = preSolution
		HideSolutionNode = FALSE
	EndGlobalSection
	GlobalSection(ExtensibilityGlobals) = postSolution
		SolutionGuid = {B08B256C-0ABE-4E12-A955-39E2854EA99C}
	EndGlobalSection
EndGlobal
